
Microsoft Visual Studio Solution File, Format Version 12.00
# Visual Studio Version 16
VisualStudioVersion = 16.0.29613.14
MinimumVisualStudioVersion = 10.0.40219.1
Project("{FAE04EC0-301F-11D3-BF4B-00C04F79EFBC}") = "helpDeskTools", "helpDeskTools.csproj", "{22C2F621-20E6-4F59-B7BD-545B0069169A}"
EndProject
Global
	GlobalSection(SolutionConfigurationPlatforms) = preSolution
		Debug|Any CPU = Debug|Any CPU
		Release|Any CPU = Release|Any CPU
	EndGlobalSection
	GlobalSection(ProjectConfigurationPlatforms) = postSolution
		{22C2F621-20E6-4F59-B7BD-545B0069169A}.Debug|Any CPU.ActiveCfg = Debug|Any CPU
		{22C2F621-20E6-4F59-B7BD-545B0069169A}.Debug|Any CPU.Build.0 = Debug|Any CPU
		{22C2F621-20E6-4F59-B7BD-545B0069169A}.Release|Any CPU.ActiveCfg = Release|Any CPU
		{22C2F621-20E6-4F59-B7BD-545B0069169A}.Release|Any CPU.Build.0 = Release|Any CPU
	EndGlobalSection
	GlobalSection(SolutionProperties) = preSolution
		HideSolutionNode = FALSE
	EndGlobalSection
	GlobalSection(ExtensibilityGlobals) = postSolution
		SolutionGuid = {2886ECD4-DC4A-45DB-BEAC-44B288F7BD13}
	EndGlobalSection
EndGlobal
